
Microsoft Visual Studio Solution File, Format Version 12.00
# Visual Studio Version 16
VisualStudioVersion = 16.0.31105.61
MinimumVisualStudioVersion = 10.0.40219.1
Project("{FAE04EC0-301F-11D3-BF4B-00C04F79EFBC}") = "Marketal-Office", "Marketal-Office.csproj", "{0CCF981A-F01D-4720-ADDC-FE579B979945}"
EndProject
Global
	GlobalSection(SolutionConfigurationPlatforms) = preSolution
		Debug|Any CPU = Debug|Any CPU
		Release|Any CPU = Release|Any CPU
	EndGlobalSection
	GlobalSection(ProjectConfigurationPlatforms) = postSolution
		{0CCF981A-F01D-4720-ADDC-FE579B979945}.Debug|Any CPU.ActiveCfg = Debug|Any CPU
		{0CCF981A-F01D-4720-ADDC-FE579B979945}.Debug|Any CPU.Build.0 = Debug|Any CPU
		{0CCF981A-F01D-4720-ADDC-FE579B979945}.Release|Any CPU.ActiveCfg = Release|Any CPU
		{0CCF981A-F01D-4720-ADDC-FE579B979945}.Release|Any CPU.Build.0 = Release|Any CPU
	EndGlobalSection
	GlobalSection(SolutionProperties) = preSolution
		HideSolutionNode = FALSE
	EndGlobalSection
	GlobalSection(ExtensibilityGlobals) = postSolution
		SolutionGuid = {CC05D95A-617A-477A-A100-2EED41A50FFE}
	EndGlobalSection
EndGlobal
